// !$*UTF8*$!
{
	archiveVersion = 1;
	classes = {
	};
	objectVersion = 56;
	objects = {

/* Begin PBXBuildFile section */
		5290E4772A7806CB00FCC000 /* AuthenticationViewController.swift in Sources */ = {isa = PBXBuildFile; fileRef = 5290E4752A7806CB00FCC000 /* AuthenticationViewController.swift */; };
		5290E4782A7806CB00FCC000 /* AuthenticationViewController.xib in Resources */ = {isa = PBXBuildFile; fileRef = 5290E4762A7806CB00FCC000 /* AuthenticationViewController.xib */; };
		5290E47A2A78158700FCC000 /* User.swift in Sources */ = {isa = PBXBuildFile; fileRef = 5290E4792A78158700FCC000 /* User.swift */; };
		5290E47C2A7818C700FCC000 /* AuthenticationManager.swift in Sources */ = {isa = PBXBuildFile; fileRef = 5290E47B2A7818C700FCC000 /* AuthenticationManager.swift */; };
		5290E4802A79517400FCC000 /* Alert.swift in Sources */ = {isa = PBXBuildFile; fileRef = 5290E47F2A79517400FCC000 /* Alert.swift */; };
		5290E4842A797F0400FCC000 /* MainController.swift in Sources */ = {isa = PBXBuildFile; fileRef = 5290E4832A797F0400FCC000 /* MainController.swift */; };
		52AA99472A66E94C004CF84D /* AppDelegate.swift in Sources */ = {isa = PBXBuildFile; fileRef = 52AA99462A66E94C004CF84D /* AppDelegate.swift */; };
		52AA99492A66E94C004CF84D /* SceneDelegate.swift in Sources */ = {isa = PBXBuildFile; fileRef = 52AA99482A66E94C004CF84D /* SceneDelegate.swift */; };
		52AA994E2A66E94C004CF84D /* Main.storyboard in Resources */ = {isa = PBXBuildFile; fileRef = 52AA994C2A66E94C004CF84D /* Main.storyboard */; };
		52AA99502A66E951004CF84D /* Assets.xcassets in Resources */ = {isa = PBXBuildFile; fileRef = 52AA994F2A66E951004CF84D /* Assets.xcassets */; };
		52AA99532A66E951004CF84D /* LaunchScreen.storyboard in Resources */ = {isa = PBXBuildFile; fileRef = 52AA99512A66E951004CF84D /* LaunchScreen.storyboard */; };
/* End PBXBuildFile section */

/* Begin PBXFileReference section */
		5290E4752A7806CB00FCC000 /* AuthenticationViewController.swift */ = {isa = PBXFileReference; lastKnownFileType = sourcecode.swift; path = AuthenticationViewController.swift; sourceTree = "<group>"; };
		5290E4762A7806CB00FCC000 /* AuthenticationViewController.xib */ = {isa = PBXFileReference; lastKnownFileType = file.xib; path = AuthenticationViewController.xib; sourceTree = "<group>"; };
		5290E4792A78158700FCC000 /* User.swift */ = {isa = PBXFileReference; lastKnownFileType = sourcecode.swift; path = User.swift; sourceTree = "<group>"; };
		5290E47B2A7818C700FCC000 /* AuthenticationManager.swift */ = {isa = PBXFileReference; lastKnownFileType = sourcecode.swift; path = AuthenticationManager.swift; sourceTree = "<group>"; };
		5290E47F2A79517400FCC000 /* Alert.swift */ = {isa = PBXFileReference; lastKnownFileType = sourcecode.swift; path = Alert.swift; sourceTree = "<group>"; };
		5290E4832A797F0400FCC000 /* MainController.swift */ = {isa = PBXFileReference; lastKnownFileType = sourcecode.swift; path = MainController.swift; sourceTree = "<group>"; };
		52AA99432A66E94C004CF84D /* CodeAcademyTransfer.app */ = {isa = PBXFileReference; explicitFileType = wrapper.application; includeInIndex = 0; path = CodeAcademyTransfer.app; sourceTree = BUILT_PRODUCTS_DIR; };
		52AA99462A66E94C004CF84D /* AppDelegate.swift */ = {isa = PBXFileReference; lastKnownFileType = sourcecode.swift; path = AppDelegate.swift; sourceTree = "<group>"; };
		52AA99482A66E94C004CF84D /* SceneDelegate.swift */ = {isa = PBXFileReference; lastKnownFileType = sourcecode.swift; path = SceneDelegate.swift; sourceTree = "<group>"; };
		52AA994D2A66E94C004CF84D /* Base */ = {isa = PBXFileReference; lastKnownFileType = file.storyboard; name = Base; path = Base.lproj/Main.storyboard; sourceTree = "<group>"; };
		52AA994F2A66E951004CF84D /* Assets.xcassets */ = {isa = PBXFileReference; lastKnownFileType = folder.assetcatalog; path = Assets.xcassets; sourceTree = "<group>"; };
		52AA99522A66E951004CF84D /* Base */ = {isa = PBXFileReference; lastKnownFileType = file.storyboard; name = Base; path = Base.lproj/LaunchScreen.storyboard; sourceTree = "<group>"; };
		52AA99542A66E951004CF84D /* Info.plist */ = {isa = PBXFileReference; lastKnownFileType = text.plist.xml; path = Info.plist; sourceTree = "<group>"; };
/* End PBXFileReference section */

/* Begin PBXFrameworksBuildPhase section */
		52AA99402A66E94C004CF84D /* Frameworks */ = {
			isa = PBXFrameworksBuildPhase;
			buildActionMask = 2147483647;
			files = (
			);
			runOnlyForDeploymentPostprocessing = 0;
		};
/* End PBXFrameworksBuildPhase section */

/* Begin PBXGroup section */
		5290E4722A7805B700FCC000 /* Classes */ = {
			isa = PBXGroup;
			children = (
				5290E4792A78158700FCC000 /* User.swift */,
				5290E47B2A7818C700FCC000 /* AuthenticationManager.swift */,
			);
			path = Classes;
			sourceTree = "<group>";
		};
		5290E4732A7805E000FCC000 /* Screens */ = {
			isa = PBXGroup;
			children = (
				5290E4742A7806A300FCC000 /* Authentication */,
				5290E47D2A784B4500FCC000 /* Main */,
			);
			path = Screens;
			sourceTree = "<group>";
		};
		5290E4742A7806A300FCC000 /* Authentication */ = {
			isa = PBXGroup;
			children = (
				5290E4752A7806CB00FCC000 /* AuthenticationViewController.swift */,
				5290E4762A7806CB00FCC000 /* AuthenticationViewController.xib */,
			);
			path = Authentication;
			sourceTree = "<group>";
		};
		5290E47D2A784B4500FCC000 /* Main */ = {
			isa = PBXGroup;
			children = (
				5290E4832A797F0400FCC000 /* MainController.swift */,
				52AA994C2A66E94C004CF84D /* Main.storyboard */,
			);
			path = Main;
			sourceTree = "<group>";
		};
		5290E47E2A79515300FCC000 /* Helpers */ = {
			isa = PBXGroup;
			children = (
				5290E47F2A79517400FCC000 /* Alert.swift */,
			);
			path = Helpers;
			sourceTree = "<group>";
		};
		52AA993A2A66E94C004CF84D = {
			isa = PBXGroup;
			children = (
				52AA99452A66E94C004CF84D /* CodeAcademyTransfer */,
				52AA99442A66E94C004CF84D /* Products */,
			);
			sourceTree = "<group>";
		};
		52AA99442A66E94C004CF84D /* Products */ = {
			isa = PBXGroup;
			children = (
				52AA99432A66E94C004CF84D /* CodeAcademyTransfer.app */,
			);
			name = Products;
			sourceTree = "<group>";
		};
		52AA99452A66E94C004CF84D /* CodeAcademyTransfer */ = {
			isa = PBXGroup;
			children = (
				52AA995A2A66E9D8004CF84D /* Delegates */,
				5290E47E2A79515300FCC000 /* Helpers */,
				5290E4722A7805B700FCC000 /* Classes */,
				5290E4732A7805E000FCC000 /* Screens */,
				52AA994F2A66E951004CF84D /* Assets.xcassets */,
				52AA99512A66E951004CF84D /* LaunchScreen.storyboard */,
				52AA99542A66E951004CF84D /* Info.plist */,
			);
			path = CodeAcademyTransfer;
			sourceTree = "<group>";
		};
		52AA995A2A66E9D8004CF84D /* Delegates */ = {
			isa = PBXGroup;
			children = (
				52AA99462A66E94C004CF84D /* AppDelegate.swift */,
				52AA99482A66E94C004CF84D /* SceneDelegate.swift */,
			);
			path = Delegates;
			sourceTree = "<group>";
		};
/* End PBXGroup section */

/* Begin PBXNativeTarget section */
		52AA99422A66E94C004CF84D /* CodeAcademyTransfer */ = {
			isa = PBXNativeTarget;
			buildConfigurationList = 52AA99572A66E951004CF84D /* Build configuration list for PBXNativeTarget "CodeAcademyTransfer" */;
			buildPhases = (
				52AA993F2A66E94C004CF84D /* Sources */,
				52AA99402A66E94C004CF84D /* Frameworks */,
				52AA99412A66E94C004CF84D /* Resources */,
			);
			buildRules = (
			);
			dependencies = (
			);
			name = CodeAcademyTransfer;
			productName = CodeAcademyTransfer;
			productReference = 52AA99432A66E94C004CF84D /* CodeAcademyTransfer.app */;
			productType = "com.apple.product-type.application";
		};
/* End PBXNativeTarget section */

/* Begin PBXProject section */
		52AA993B2A66E94C004CF84D /* Project object */ = {
			isa = PBXProject;
			attributes = {
				BuildIndependentTargetsInParallel = 1;
				LastSwiftUpdateCheck = 1430;
				LastUpgradeCheck = 1430;
				TargetAttributes = {
					52AA99422A66E94C004CF84D = {
						CreatedOnToolsVersion = 14.3.1;
					};
				};
			};
			buildConfigurationList = 52AA993E2A66E94C004CF84D /* Build configuration list for PBXProject "CodeAcademyTransfer" */;
			compatibilityVersion = "Xcode 14.0";
			developmentRegion = en;
			hasScannedForEncodings = 0;
			knownRegions = (
				en,
				Base,
			);
			mainGroup = 52AA993A2A66E94C004CF84D;
			productRefGroup = 52AA99442A66E94C004CF84D /* Products */;
			projectDirPath = "";
			projectRoot = "";
			targets = (
				52AA99422A66E94C004CF84D /* CodeAcademyTransfer */,
			);
		};
/* End PBXProject section */

/* Begin PBXResourcesBuildPhase section */
		52AA99412A66E94C004CF84D /* Resources */ = {
			isa = PBXResourcesBuildPhase;
			buildActionMask = 2147483647;
			files = (
				5290E4782A7806CB00FCC000 /* AuthenticationViewController.xib in Resources */,
				52AA99532A66E951004CF84D /* LaunchScreen.storyboard in Resources */,
				52AA99502A66E951004CF84D /* Assets.xcassets in Resources */,
				52AA994E2A66E94C004CF84D /* Main.storyboard in Resources */,
			);
			runOnlyForDeploymentPostprocessing = 0;
		};
/* End PBXResourcesBuildPhase section */

/* Begin PBXSourcesBuildPhase section */
		52AA993F2A66E94C004CF84D /* Sources */ = {
			isa = PBXSourcesBuildPhase;
			buildActionMask = 2147483647;
			files = (
				5290E4772A7806CB00FCC000 /* AuthenticationViewController.swift in Sources */,
				52AA99472A66E94C004CF84D /* AppDelegate.swift in Sources */,
				5290E47C2A7818C700FCC000 /* AuthenticationManager.swift in Sources */,
				5290E47A2A78158700FCC000 /* User.swift in Sources */,
				52AA99492A66E94C004CF84D /* SceneDelegate.swift in Sources */,
				5290E4842A797F0400FCC000 /* MainController.swift in Sources */,
				5290E4802A79517400FCC000 /* Alert.swift in Sources */,
			);
			runOnlyForDeploymentPostprocessing = 0;
		};
/* End PBXSourcesBuildPhase section */

/* Begin PBXVariantGroup section */
		52AA994C2A66E94C004CF84D /* Main.storyboard */ = {
			isa = PBXVariantGroup;
			children = (
				52AA994D2A66E94C004CF84D /* Base */,
			);
			name = Main.storyboard;
			sourceTree = "<group>";
		};
		52AA99512A66E951004CF84D /* LaunchScreen.storyboard */ = {
			isa = PBXVariantGroup;
			children = (
				52AA99522A66E951004CF84D /* Base */,
			);
			name = LaunchScreen.storyboard;
			sourceTree = "<group>";
		};
/* End PBXVariantGroup section */

/* Begin XCBuildConfiguration section */
		52AA99552A66E951004CF84D /* Debug */ = {
			isa = XCBuildConfiguration;
			buildSettings = {
				ALWAYS_SEARCH_USER_PATHS = NO;
				CLANG_ANALYZER_NONNULL = YES;
				CLANG_ANALYZER_NUMBER_OBJECT_CONVERSION = YES_AGGRESSIVE;
				CLANG_CXX_LANGUAGE_STANDARD = "gnu++20";
				CLANG_ENABLE_MODULES = YES;
				CLANG_ENABLE_OBJC_ARC = YES;
				CLANG_ENABLE_OBJC_WEAK = YES;
				CLANG_WARN_BLOCK_CAPTURE_AUTORELEASING = YES;
				CLANG_WARN_BOOL_CONVERSION = YES;
				CLANG_WARN_COMMA = YES;
				CLANG_WARN_CONSTANT_CONVERSION = YES;
				CLANG_WARN_DEPRECATED_OBJC_IMPLEMENTATIONS = YES;
				CLANG_WARN_DIRECT_OBJC_ISA_USAGE = YES_ERROR;
				CLANG_WARN_DOCUMENTATION_COMMENTS = YES;
				CLANG_WARN_EMPTY_BODY = YES;
				CLANG_WARN_ENUM_CONVERSION = YES;
				CLANG_WARN_INFINITE_RECURSION = YES;
				CLANG_WARN_INT_CONVERSION = YES;
				CLANG_WARN_NON_LITERAL_NULL_CONVERSION = YES;
				CLANG_WARN_OBJC_IMPLICIT_RETAIN_SELF = YES;
				CLANG_WARN_OBJC_LITERAL_CONVERSION = YES;
				CLANG_WARN_OBJC_ROOT_CLASS = YES_ERROR;
				CLANG_WARN_QUOTED_INCLUDE_IN_FRAMEWORK_HEADER = YES;
				CLANG_WARN_RANGE_LOOP_ANALYSIS = YES;
				CLANG_WARN_STRICT_PROTOTYPES = YES;
				CLANG_WARN_SUSPICIOUS_MOVE = YES;
				CLANG_WARN_UNGUARDED_AVAILABILITY = YES_AGGRESSIVE;
				CLANG_WARN_UNREACHABLE_CODE = YES;
				CLANG_WARN__DUPLICATE_METHOD_MATCH = YES;
				COPY_PHASE_STRIP = NO;
				DEBUG_INFORMATION_FORMAT = dwarf;
				ENABLE_STRICT_OBJC_MSGSEND = YES;
				ENABLE_TESTABILITY = YES;
				GCC_C_LANGUAGE_STANDARD = gnu11;
				GCC_DYNAMIC_NO_PIC = NO;
				GCC_NO_COMMON_BLOCKS = YES;
				GCC_OPTIMIZATION_LEVEL = 0;
				GCC_PREPROCESSOR_DEFINITIONS = (
					"DEBUG=1",
					"$(inherited)",
				);
				GCC_WARN_64_TO_32_BIT_CONVERSION = YES;
				GCC_WARN_ABOUT_RETURN_TYPE = YES_ERROR;
				GCC_WARN_UNDECLARED_SELECTOR = YES;
				GCC_WARN_UNINITIALIZED_AUTOS = YES_AGGRESSIVE;
				GCC_WARN_UNUSED_FUNCTION = YES;
				GCC_WARN_UNUSED_VARIABLE = YES;
				IPHONEOS_DEPLOYMENT_TARGET = 16.4;
				MTL_ENABLE_DEBUG_INFO = INCLUDE_SOURCE;
				MTL_FAST_MATH = YES;
				ONLY_ACTIVE_ARCH = YES;
				SDKROOT = iphoneos;
				SWIFT_ACTIVE_COMPILATION_CONDITIONS = DEBUG;
				SWIFT_OPTIMIZATION_LEVEL = "-Onone";
			};
			name = Debug;
		};
		52AA99562A66E951004CF84D /* Release */ = {
			isa = XCBuildConfiguration;
			buildSettings = {
				ALWAYS_SEARCH_USER_PATHS = NO;
				CLANG_ANALYZER_NONNULL = YES;
				CLANG_ANALYZER_NUMBER_OBJECT_CONVERSION = YES_AGGRESSIVE;
				CLANG_CXX_LANGUAGE_STANDARD = "gnu++20";
				CLANG_ENABLE_MODULES = YES;
				CLANG_ENABLE_OBJC_ARC = YES;
				CLANG_ENABLE_OBJC_WEAK = YES;
				CLANG_WARN_BLOCK_CAPTURE_AUTORELEASING = YES;
				CLANG_WARN_BOOL_CONVERSION = YES;
				CLANG_WARN_COMMA = YES;
				CLANG_WARN_CONSTANT_CONVERSION = YES;
				CLANG_WARN_DEPRECATED_OBJC_IMPLEMENTATIONS = YES;
				CLANG_WARN_DIRECT_OBJC_ISA_USAGE = YES_ERROR;
				CLANG_WARN_DOCUMENTATION_COMMENTS = YES;
				CLANG_WARN_EMPTY_BODY = YES;
				CLANG_WARN_ENUM_CONVERSION = YES;
				CLANG_WARN_INFINITE_RECURSION = YES;
				CLANG_WARN_INT_CONVERSION = YES;
				CLANG_WARN_NON_LITERAL_NULL_CONVERSION = YES;
				CLANG_WARN_OBJC_IMPLICIT_RETAIN_SELF = YES;
				CLANG_WARN_OBJC_LITERAL_CONVERSION = YES;
				CLANG_WARN_OBJC_ROOT_CLASS = YES_ERROR;
				CLANG_WARN_QUOTED_INCLUDE_IN_FRAMEWORK_HEADER = YES;
				CLANG_WARN_RANGE_LOOP_ANALYSIS = YES;
				CLANG_WARN_STRICT_PROTOTYPES = YES;
				CLANG_WARN_SUSPICIOUS_MOVE = YES;
				CLANG_WARN_UNGUARDED_AVAILABILITY = YES_AGGRESSIVE;
				CLANG_WARN_UNREACHABLE_CODE = YES;
				CLANG_WARN__DUPLICATE_METHOD_MATCH = YES;
				COPY_PHASE_STRIP = NO;
				DEBUG_INFORMATION_FORMAT = "dwarf-with-dsym";
				ENABLE_NS_ASSERTIONS = NO;
				ENABLE_STRICT_OBJC_MSGSEND = YES;
				GCC_C_LANGUAGE_STANDARD = gnu11;
				GCC_NO_COMMON_BLOCKS = YES;
				GCC_WARN_64_TO_32_BIT_CONVERSION = YES;
				GCC_WARN_ABOUT_RETURN_TYPE = YES_ERROR;
				GCC_WARN_UNDECLARED_SELECTOR = YES;
				GCC_WARN_UNINITIALIZED_AUTOS = YES_AGGRESSIVE;
				GCC_WARN_UNUSED_FUNCTION = YES;
				GCC_WARN_UNUSED_VARIABLE = YES;
				IPHONEOS_DEPLOYMENT_TARGET = 16.4;
				MTL_ENABLE_DEBUG_INFO = NO;
				MTL_FAST_MATH = YES;
				SDKROOT = iphoneos;
				SWIFT_COMPILATION_MODE = wholemodule;
				SWIFT_OPTIMIZATION_LEVEL = "-O";
				VALIDATE_PRODUCT = YES;
			};
			name = Release;
		};
		52AA99582A66E951004CF84D /* Debug */ = {
			isa = XCBuildConfiguration;
			buildSettings = {
				ASSETCATALOG_COMPILER_APPICON_NAME = AppIcon;
				ASSETCATALOG_COMPILER_GLOBAL_ACCENT_COLOR_NAME = AccentColor;
				CODE_SIGN_STYLE = Automatic;
				CURRENT_PROJECT_VERSION = 1;
				DEVELOPMENT_TEAM = B928425H46;
				GENERATE_INFOPLIST_FILE = YES;
				INFOPLIST_FILE = CodeAcademyTransfer/Info.plist;
				INFOPLIST_KEY_UIApplicationSupportsIndirectInputEvents = YES;
				INFOPLIST_KEY_UILaunchStoryboardName = LaunchScreen;
				INFOPLIST_KEY_UIMainStoryboardFile = Main;
				INFOPLIST_KEY_UISupportedInterfaceOrientations_iPad = "UIInterfaceOrientationPortrait UIInterfaceOrientationPortraitUpsideDown UIInterfaceOrientationLandscapeLeft UIInterfaceOrientationLandscapeRight";
				INFOPLIST_KEY_UISupportedInterfaceOrientations_iPhone = "UIInterfaceOrientationPortrait UIInterfaceOrientationLandscapeLeft UIInterfaceOrientationLandscapeRight";
				LD_RUNPATH_SEARCH_PATHS = (
					"$(inherited)",
					"@executable_path/Frameworks",
				);
				MARKETING_VERSION = 1.0;
				PRODUCT_BUNDLE_IDENTIFIER = NerijusSurkys.CodeAcademyTransfer;
				PRODUCT_NAME = "$(TARGET_NAME)";
				SWIFT_EMIT_LOC_STRINGS = YES;
				SWIFT_VERSION = 5.0;
				TARGETED_DEVICE_FAMILY = "1,2";
			};
			name = Debug;
		};
		52AA99592A66E951004CF84D /* Release */ = {
			isa = XCBuildConfiguration;
			buildSettings = {
				ASSETCATALOG_COMPILER_APPICON_NAME = AppIcon;
				ASSETCATALOG_COMPILER_GLOBAL_ACCENT_COLOR_NAME = AccentColor;
				CODE_SIGN_STYLE = Automatic;
				CURRENT_PROJECT_VERSION = 1;
				DEVELOPMENT_TEAM = B928425H46;
				GENERATE_INFOPLIST_FILE = YES;
				INFOPLIST_FILE = CodeAcademyTransfer/Info.plist;
				INFOPLIST_KEY_UIApplicationSupportsIndirectInputEvents = YES;
				INFOPLIST_KEY_UILaunchStoryboardName = LaunchScreen;
				INFOPLIST_KEY_UIMainStoryboardFile = Main;
				INFOPLIST_KEY_UISupportedInterfaceOrientations_iPad = "UIInterfaceOrientationPortrait UIInterfaceOrientationPortraitUpsideDown UIInterfaceOrientationLandscapeLeft UIInterfaceOrientationLandscapeRight";
				INFOPLIST_KEY_UISupportedInterfaceOrientations_iPhone = "UIInterfaceOrientationPortrait UIInterfaceOrientationLandscapeLeft UIInterfaceOrientationLandscapeRight";
				LD_RUNPATH_SEARCH_PATHS = (
					"$(inherited)",
					"@executable_path/Frameworks",
				);
				MARKETING_VERSION = 1.0;
				PRODUCT_BUNDLE_IDENTIFIER = NerijusSurkys.CodeAcademyTransfer;
				PRODUCT_NAME = "$(TARGET_NAME)";
				SWIFT_EMIT_LOC_STRINGS = YES;
				SWIFT_VERSION = 5.0;
				TARGETED_DEVICE_FAMILY = "1,2";
			};
			name = Release;
		};
/* End XCBuildConfiguration section */

/* Begin XCConfigurationList section */
		52AA993E2A66E94C004CF84D /* Build configuration list for PBXProject "CodeAcademyTransfer" */ = {
			isa = XCConfigurationList;
			buildConfigurations = (
				52AA99552A66E951004CF84D /* Debug */,
				52AA99562A66E951004CF84D /* Release */,
			);
			defaultConfigurationIsVisible = 0;
			defaultConfigurationName = Release;
		};
		52AA99572A66E951004CF84D /* Build configuration list for PBXNativeTarget "CodeAcademyTransfer" */ = {
			isa = XCConfigurationList;
			buildConfigurations = (
				52AA99582A66E951004CF84D /* Debug */,
				52AA99592A66E951004CF84D /* Release */,
			);
			defaultConfigurationIsVisible = 0;
			defaultConfigurationName = Release;
		};
/* End XCConfigurationList section */
	};
	rootObject = 52AA993B2A66E94C004CF84D /* Project object */;
}
